
Microsoft Visual Studio Solution File, Format Version 12.00
# Visual Studio Version 17
VisualStudioVersion = 17.4.33213.308
MinimumVisualStudioVersion = 10.0.40219.1
Project("{9A19103F-16F7-4668-BE54-9A1E7A4F7556}") = "BlackCoderNewsArticlesExams", "BlackCoderNewsArticlesExams.csproj", "{06AFC0DA-771B-4E3B-B3C8-4D1CF45737C1}"
EndProject
Global
	GlobalSection(SolutionConfigurationPlatforms) = preSolution
		Debug|Any CPU = Debug|Any CPU
		Release|Any CPU = Release|Any CPU
	EndGlobalSection
	GlobalSection(ProjectConfigurationPlatforms) = postSolution
		{06AFC0DA-771B-4E3B-B3C8-4D1CF45737C1}.Debug|Any CPU.ActiveCfg = Debug|Any CPU
		{06AFC0DA-771B-4E3B-B3C8-4D1CF45737C1}.Debug|Any CPU.Build.0 = Debug|Any CPU
		{06AFC0DA-771B-4E3B-B3C8-4D1CF45737C1}.Release|Any CPU.ActiveCfg = Release|Any CPU
		{06AFC0DA-771B-4E3B-B3C8-4D1CF45737C1}.Release|Any CPU.Build.0 = Release|Any CPU
	EndGlobalSection
	GlobalSection(SolutionProperties) = preSolution
		HideSolutionNode = FALSE
	EndGlobalSection
	GlobalSection(ExtensibilityGlobals) = postSolution
		SolutionGuid = {90DADF0C-65A6-430F-A6C2-FF1AA1A277D0}
	EndGlobalSection
EndGlobal
